Microsoft Visual Studio Solution File, Format Version 12.00
# Visual Studio Version 17
VisualStudioVersion = 17.5.2.0
MinimumVisualStudioVersion = 10.0.40219.1
Project("{FAE04EC0-301F-11D3-BF4B-00C04F79EFBC}") = "ThePixeler", "ThePixeler.csproj", "{0BC5559D-502B-2643-10FA-3CA0C794383B}"
EndProject
Global
	GlobalSection(SolutionConfigurationPlatforms) = preSolution
		Debug|Any CPU = Debug|Any CPU
		Release|Any CPU = Release|Any CPU
	EndGlobalSection
	GlobalSection(ProjectConfigurationPlatforms) = postSolution
		{0BC5559D-502B-2643-10FA-3CA0C794383B}.Debug|Any CPU.ActiveCfg = Debug|Any CPU
		{0BC5559D-502B-2643-10FA-3CA0C794383B}.Debug|Any CPU.Build.0 = Debug|Any CPU
		{0BC5559D-502B-2643-10FA-3CA0C794383B}.Release|Any CPU.ActiveCfg = Release|Any CPU
		{0BC5559D-502B-2643-10FA-3CA0C794383B}.Release|Any CPU.Build.0 = Release|Any CPU
	EndGlobalSection
	GlobalSection(SolutionProperties) = preSolution
		HideSolutionNode = FALSE
	EndGlobalSection
	GlobalSection(ExtensibilityGlobals) = postSolution
		SolutionGuid = {C519B80D-07ED-4EF8-A695-C36C12813973}
	EndGlobalSection
EndGlobal
